
Microsoft Visual Studio Solution File, Format Version 12.00
# Visual Studio 2012
Project("{8BC9CEB8-8B4A-11D0-8D11-00A0C91BC942}") = "StackExample", "StackExample\StackExample.vcxproj", "{92C7A636-DDC6-43BC-9524-01CA5ABE9A12}"
EndProject
Global
	GlobalSection(SolutionConfigurationPlatforms) = preSolution
		Debug|Win32 = Debug|Win32
		Release|Win32 = Release|Win32
	EndGlobalSection
	GlobalSection(ProjectConfigurationPlatforms) = postSolution
		{92C7A636-DDC6-43BC-9524-01CA5ABE9A12}.Debug|Win32.ActiveCfg = Debug|Win32
		{92C7A636-DDC6-43BC-9524-01CA5ABE9A12}.Debug|Win32.Build.0 = Debug|Win32
		{92C7A636-DDC6-43BC-9524-01CA5ABE9A12}.Release|Win32.ActiveCfg = Release|Win32
		{92C7A636-DDC6-43BC-9524-01CA5ABE9A12}.Release|Win32.Build.0 = Release|Win32
	EndGlobalSection
	GlobalSection(SolutionProperties) = preSolution
		HideSolutionNode = FALSE
	EndGlobalSection
EndGlobal
